# This file is automatically @generated by Poetry 1.7.1 and should not be changed by hand.

[[package]]
name = "asgiref"
version = "3.7.2"
description = "ASGI specs, helper code, and adapters"
optional = false
python-versions = ">=3.7"
files = [
    {file = "asgiref-3.7.2-py3-none-any.whl", hash = "sha256:89b2ef2247e3b562a16eef663bc0e2e703ec6468e2fa8a5cd61cd449786d4f6e"},
    {file = "asgiref-3.7.2.tar.gz", hash = "sha256:9e0ce3aa93a819ba5b45120216b23878cf6e8525eb3848653452b4192b92afed"},
]

[package.dependencies]
typing-extensions = {version = ">=4", markers = "python_version < \"3.11\""}

[package.extras]
tests = ["mypy (>=0.800)", "pytest", "pytest-asyncio"]

[[package]]
name = "django"
version = "4.2.11"
description = "A high-level Python web framework that encourages rapid development and clean, pragmatic design."
optional = false
python-versions = ">=3.8"
files = [
    {file = "Django-4.2.11-py3-none-any.whl", hash = "sha256:ddc24a0a8280a0430baa37aff11f28574720af05888c62b7cfe71d219f4599d3"},
    {file = "Django-4.2.11.tar.gz", hash = "sha256:6e6ff3db2d8dd0c986b4eec8554c8e4f919b5c1ff62a5b4390c17aff2ed6e5c4"},
]

[package.dependencies]
asgiref = ">=3.6.0,<4"
sqlparse = ">=0.3.1"
tzdata = {version = "*", markers = "sys_platform == \"win32\""}

[package.extras]
argon2 = ["argon2-cffi (>=19.1.0)"]
bcrypt = ["bcrypt"]

[[package]]
name = "geographiclib"
version = "2.0"
description = "The geodesic routines from GeographicLib"
optional = false
python-versions = ">=3.7"
files = [
    {file = "geographiclib-2.0-py3-none-any.whl", hash = "sha256:6b7225248e45ff7edcee32becc4e0a1504c606ac5ee163a5656d482e0cd38734"},
    {file = "geographiclib-2.0.tar.gz", hash = "sha256:f7f41c85dc3e1c2d3d935ec86660dc3b2c848c83e17f9a9e51ba9d5146a15859"},
]

[[package]]
name = "geopy"
version = "2.3.0"
description = "Python Geocoding Toolbox"
optional = false
python-versions = ">=3.7"
files = [
    {file = "geopy-2.3.0-py3-none-any.whl", hash = "sha256:4a29a16d41d8e56ba8e07310802a1cbdf098eeb6069cc3d6d3068fc770629ffc"},
    {file = "geopy-2.3.0.tar.gz", hash = "sha256:228cd53b6eef699b2289d1172e462a90d5057779a10388a7366291812601187f"},
]

[package.dependencies]
geographiclib = ">=1.52,<3"

[package.extras]
aiohttp = ["aiohttp"]
dev = ["coverage", "flake8 (>=5.0,<5.1)", "isort (>=5.10.0,<5.11.0)", "pytest (>=3.10)", "pytest-asyncio (>=0.17)", "readme-renderer", "sphinx (<=4.3.2)", "sphinx-issues", "sphinx-rtd-theme (>=0.5.0)"]
dev-docs = ["readme-renderer", "sphinx (<=4.3.2)", "sphinx-issues", "sphinx-rtd-theme (>=0.5.0)"]
dev-lint = ["flake8 (>=5.0,<5.1)", "isort (>=5.10.0,<5.11.0)"]
dev-test = ["coverage", "pytest (>=3.10)", "pytest-asyncio (>=0.17)", "sphinx (<=4.3.2)"]
requests = ["requests (>=2.16.2)", "urllib3 (>=1.24.2)"]
timezone = ["pytz"]

[[package]]
name = "sqlparse"
version = "0.4.4"
description = "A non-validating SQL parser."
optional = false
python-versions = ">=3.5"
files = [
    {file = "sqlparse-0.4.4-py3-none-any.whl", hash = "sha256:5430a4fe2ac7d0f93e66f1efc6e1338a41884b7ddf2a350cedd20ccc4d9d28f3"},
    {file = "sqlparse-0.4.4.tar.gz", hash = "sha256:d446183e84b8349fa3061f0fe7f06ca94ba65b426946ffebe6e3e8295332420c"},
]

[package.extras]
dev = ["build", "flake8"]
doc = ["sphinx"]
test = ["pytest", "pytest-cov"]

[[package]]
name = "typing-extensions"
version = "4.6.3"
description = "Backported and Experimental Type Hints for Python 3.7+"
optional = false
python-versions = ">=3.7"
files = [
    {file = "typing_extensions-4.6.3-py3-none-any.whl", hash = "sha256:88a4153d8505aabbb4e13aacb7c486c2b4a33ca3b3f807914a9b4c844c471c26"},
    {file = "typing_extensions-4.6.3.tar.gz", hash = "sha256:d91d5919357fe7f681a9f2b5b4cb2a5f1ef0a1e9f59c4d8ff0d3491e05c0ffd5"},
]

[[package]]
name = "tzdata"
version = "2023.3"
description = "Provider of IANA time zone data"
optional = false
python-versions = ">=2"
files = [
    {file = "tzdata-2023.3-py2.py3-none-any.whl", hash = "sha256:7e65763eef3120314099b6939b5546db7adce1e7d6f2e179e3df563c70511eda"},
    {file = "tzdata-2023.3.tar.gz", hash = "sha256:11ef1e08e54acb0d4f95bdb1be05da659673de4acbd21bf9c69e94cc5e907a3a"},
]

[[package]]
name = "whitenoise"
version = "6.5.0"
description = "Radically simplified static file serving for WSGI applications"
optional = false
python-versions = ">=3.7"
files = [
    {file = "whitenoise-6.5.0-py3-none-any.whl", hash = "sha256:16468e9ad2189f09f4a8c635a9031cc9bb2cdbc8e5e53365407acf99f7ade9ec"},
    {file = "whitenoise-6.5.0.tar.gz", hash = "sha256:15fe60546ac975b58e357ccaeb165a4ca2d0ab697e48450b8f0307ca368195a8"},
]

[package.extras]
brotli = ["Brotli"]

[metadata]
lock-version = "2.0"
python-versions = "^3.10"
content-hash = "01d42aaa2bcd5eee0621067f2e96643cff79f9df60d9b6ca4f3619ba8cde294d"
